<?xml version="1.0" encoding="utf-8"?>
<Project ToolsVersion="4.0" xmlns="http://schemas.microsoft.com/developer/msbuild/2003">
  <ItemGroup>
    <Filter Include="Source Files">
      <UniqueIdentifier>{4FC737F1-C7A5-4376-A066-2A32D752A2FF}</UniqueIdentifier>
      <Extensions>cpp;c;cc;cxx;def;odl;idl;hpj;bat;asm;asmx</Extensions>
    </Filter>
    <Filter Include="Header Files">
      <UniqueIdentifier>{93995380-89BD-4b04-88EB-625FBE52EBFB}</UniqueIdentifier>
      <Extensions>h;hpp;hxx;hm;inl;inc;xsd</Extensions>
    </Filter>
    <Filter Include="Resource Files">
      <UniqueIdentifier>{67DA6AB6-F800-4c08-8B7A-83BB121AAD01}</UniqueIdentifier>
      <Extensions>rc;ico;cur;bmp;dlg;rc2;rct;bin;rgs;gif;jpg;jpeg;jpe;resx;tiff;tif;png;wav;mfcribbon-ms</Extensions>
    </Filter>
    <Filter Include="Shaders">
      <UniqueIdentifier>{0a1e4ea0-b53e-4a7f-9525-9911032610f6}</UniqueIdentifier>
    </Filter>
    <Filter Include="Utils">
      <UniqueIdentifier>{f86e5892-d714-4ab9-821c-cc19fa982d8d}</UniqueIdentifier>
    </Filter>
    <Filter Include="imgui">
      <UniqueIdentifier>{bc55c78a-ffb5-4b33-bb6f-11758d1f249e}</UniqueIdentifier>
    </Filter>
  </ItemGroup>
  <ItemGroup>
    <ClCompile Include="main.cpp" />
    <ClCompile Include="imgui\imgui.cpp">
      <Filter>imgui</Filter>
    </ClCompile>
    <ClCompile Include="imgui\imgui_demo.cpp">
      <Filter>imgui</Filter>
    </ClCompile>
    <ClCompile Include="imgui\imgui_draw.cpp">
      <Filter>imgui</Filter>
    </ClCompile>
    <ClCompile Include="imgui\imgui_impl_sdl_gl3.cpp">
      <Filter>imgui</Filter>
    </ClCompile>
    <ClCompile Include="game_master.cpp">
      <Filter>Source Files</Filter>
    </ClCompile>
    <ClCompile Include="board_view.cpp">
      <Filter>Source Files</Filter>
    </ClCompile>
    <ClCompile Include="local.cpp">
      <Filter>Source Files</Filter>
    </ClCompile>
    <ClCompile Include="SimplePlayer.cpp">
      <Filter>Source Files</Filter>
    </ClCompile>
    <ClCompile Include="orderCommands.cpp">
      <Filter>Source Files</Filter>
    </ClCompile>
    <ClCompile Include="genetic_player.cpp">
      <Filter>Source Files</Filter>
    </ClCompile>
    <ClCompile Include="gene_master.cpp">
      <Filter>Source Files</Filter>
    </ClCompile>
    <ClCompile Include="official_game.cpp">
      <Filter>Source Files</Filter>
    </ClCompile>
    <ClCompile Include="abstract_game.cpp">
      <Filter>Source Files</Filter>
    </ClCompile>
    <ClCompile Include="battle_arena.cpp">
      <Filter>Source Files</Filter>
    </ClCompile>
  </ItemGroup>
  <ItemGroup>
    <ClInclude Include="imgui\stb_rect_pack.h">
      <Filter>imgui</Filter>
    </ClInclude>
    <ClInclude Include="imgui\stb_textedit.h">
      <Filter>imgui</Filter>
    </ClInclude>
    <ClInclude Include="imgui\stb_truetype.h">
      <Filter>imgui</Filter>
    </ClInclude>
    <ClInclude Include="imgui\imgui_internal.h">
      <Filter>imgui</Filter>
    </ClInclude>
    <ClInclude Include="imgui\imgui_impl_sdl_gl3.h">
      <Filter>imgui</Filter>
    </ClInclude>
    <ClInclude Include="imgui\imgui.h">
      <Filter>imgui</Filter>
    </ClInclude>
    <ClInclude Include="imgui\imconfig.h">
      <Filter>imgui</Filter>
    </ClInclude>
    <ClInclude Include="data_types.h">
      <Filter>Header Files</Filter>
    </ClInclude>
    <ClInclude Include="game_master.h">
      <Filter>Header Files</Filter>
    </ClInclude>
    <ClInclude Include="board_viewer.h">
      <Filter>Header Files</Filter>
    </ClInclude>
    <ClInclude Include="local.h">
      <Filter>Header Files</Filter>
    </ClInclude>
    <ClInclude Include="SimplePlayer.h">
      <Filter>Header Files</Filter>
    </ClInclude>
    <ClInclude Include="orderCommands.h">
      <Filter>Header Files</Filter>
    </ClInclude>
    <ClInclude Include="abstract_game.h">
      <Filter>Header Files</Filter>
    </ClInclude>
    <ClInclude Include="battle_arena.h">
      <Filter>Header Files</Filter>
    </ClInclude>
    <ClInclude Include="official_game.h">
      <Filter>Header Files</Filter>
    </ClInclude>
    <ClInclude Include="abstract_tactics.h">
      <Filter>Header Files</Filter>
    </ClInclude>
    <ClInclude Include="abstract_strategy.h">
      <Filter>Header Files</Filter>
    </ClInclude>
    <ClInclude Include="abstract_player_OLD.h">
      <Filter>Header Files</Filter>
    </ClInclude>
    <ClInclude Include="abstract_player.h">
      <Filter>Header Files</Filter>
    </ClInclude>
    <ClInclude Include="genetic_player.h">
      <Filter>Header Files</Filter>
    </ClInclude>
    <ClInclude Include="sup_player.h">
      <Filter>Header Files</Filter>
    </ClInclude>
    <ClInclude Include="gene_master.h">
      <Filter>Header Files</Filter>
    </ClInclude>
  </ItemGroup>
</Project>